
Microsoft Visual Studio Solution File, Format Version 12.00
# Visual Studio 14
VisualStudioVersion = 14.0.24720.0
MinimumVisualStudioVersion = 10.0.40219.1
Project("{FAE04EC0-301F-11D3-BF4B-00C04F79EFBC}") = "Zeus.Entities", "Zeus.Entities\Zeus.Entities.csproj", "{FAE2C46F-D022-455B-B307-134E876B26B5}"
EndProject
Project("{FAE04EC0-301F-11D3-BF4B-00C04F79EFBC}") = "Zeus.Client", "Zeus.Client\Zeus.Client.csproj", "{F0CD917C-7744-4B01-B922-B35E6BF147E9}"
EndProject
Project("{FAE04EC0-301F-11D3-BF4B-00C04F79EFBC}") = "Zeus.Web", "Zeus.Web\Zeus.Web.csproj", "{5495A212-0D2A-448B-A66B-E52CB2DCA89B}"
EndProject
Global
	GlobalSection(SolutionConfigurationPlatforms) = preSolution
		Debug|Any CPU = Debug|Any CPU
		Release|Any CPU = Release|Any CPU
	EndGlobalSection
	GlobalSection(ProjectConfigurationPlatforms) = postSolution
		{FAE2C46F-D022-455B-B307-134E876B26B5}.Debug|Any CPU.ActiveCfg = Debug|Any CPU
		{FAE2C46F-D022-455B-B307-134E876B26B5}.Debug|Any CPU.Build.0 = Debug|Any CPU
		{FAE2C46F-D022-455B-B307-134E876B26B5}.Release|Any CPU.ActiveCfg = Release|Any CPU
		{FAE2C46F-D022-455B-B307-134E876B26B5}.Release|Any CPU.Build.0 = Release|Any CPU
		{F0CD917C-7744-4B01-B922-B35E6BF147E9}.Debug|Any CPU.ActiveCfg = Debug|Any CPU
		{F0CD917C-7744-4B01-B922-B35E6BF147E9}.Debug|Any CPU.Build.0 = Debug|Any CPU
		{F0CD917C-7744-4B01-B922-B35E6BF147E9}.Release|Any CPU.ActiveCfg = Release|Any CPU
		{F0CD917C-7744-4B01-B922-B35E6BF147E9}.Release|Any CPU.Build.0 = Release|Any CPU
		{5495A212-0D2A-448B-A66B-E52CB2DCA89B}.Debug|Any CPU.ActiveCfg = Debug|Any CPU
		{5495A212-0D2A-448B-A66B-E52CB2DCA89B}.Debug|Any CPU.Build.0 = Debug|Any CPU
		{5495A212-0D2A-448B-A66B-E52CB2DCA89B}.Release|Any CPU.ActiveCfg = Release|Any CPU
		{5495A212-0D2A-448B-A66B-E52CB2DCA89B}.Release|Any CPU.Build.0 = Release|Any CPU
	EndGlobalSection
	GlobalSection(SolutionProperties) = preSolution
		HideSolutionNode = FALSE
	EndGlobalSection
EndGlobal
